
Microsoft Visual Studio Solution File, Format Version 12.00
# Visual Studio Version 16
VisualStudioVersion = 16.0.32407.337
MinimumVisualStudioVersion = 10.0.40219.1
Project("{FAE04EC0-301F-11D3-BF4B-00C04F79EFBC}") = "Calculator", "Calculator\Calculator.csproj", "{CA733B30-E011-4C97-AE51-85E8A84CE54D}"
EndProject
Global
	GlobalSection(SolutionConfigurationPlatforms) = preSolution
		Debug|Any CPU = Debug|Any CPU
		Release|Any CPU = Release|Any CPU
	EndGlobalSection
	GlobalSection(ProjectConfigurationPlatforms) = postSolution
		{CA733B30-E011-4C97-AE51-85E8A84CE54D}.Debug|Any CPU.ActiveCfg = Debug|Any CPU
		{CA733B30-E011-4C97-AE51-85E8A84CE54D}.Debug|Any CPU.Build.0 = Debug|Any CPU
		{CA733B30-E011-4C97-AE51-85E8A84CE54D}.Release|Any CPU.ActiveCfg = Release|Any CPU
		{CA733B30-E011-4C97-AE51-85E8A84CE54D}.Release|Any CPU.Build.0 = Release|Any CPU
	EndGlobalSection
	GlobalSection(SolutionProperties) = preSolution
		HideSolutionNode = FALSE
	EndGlobalSection
	GlobalSection(ExtensibilityGlobals) = postSolution
		SolutionGuid = {252DE7A1-FBA6-4A48-AC93-8FC811655871}
	EndGlobalSection
EndGlobal
